{
  "requires": true,
  "lockfileVersion": 1,
  "dependencies": {
    "@tensorflow/tfjs": {
      "version": "0.11.1",
      "resolved": "https://registry.npmjs.org/@tensorflow/tfjs/-/tfjs-0.11.1.tgz",
      "integrity": "sha512-V9bu/g7ckCg0H66aJc4jP4fPP74x16/y0PUmGncNYbSKsBa0KQPTO2+p9YUNk/Yjh+5ie9adDTVkqyr43Gu/Fw==",
      "requires": {
        "@tensorflow/tfjs-core": "0.11.0",
        "@tensorflow/tfjs-layers": "0.6.1"
      },
      "dependencies": {
        "@tensorflow/tfjs-core": {
          "version": "0.11.0",
          "resolved": "https://registry.npmjs.org/@tensorflow/tfjs-core/-/tfjs-core-0.11.0.tgz",
          "integrity": "sha512-1bCg1Lb7k0HKYknr8Dak0fX53HJZCoIT5Vp4/dw3oCzUI3/HjOIIuscSCFQvVdAhawuHJbPhptDWd838ybJCrQ==",
          "requires": {
            "seedrandom": "2.4.3"
          }
        },
        "@tensorflow/tfjs-layers": {
          "version": "0.6.1",
          "resolved": "https://registry.npmjs.org/@tensorflow/tfjs-layers/-/tfjs-layers-0.6.1.tgz",
          "integrity": "sha512-7ciIHrp7KKpczX7IbWYirfxDO2m3OlxCUwSIuSPubALC3tyPWzO9Ui3WNnVRNKY3pi/imOdzD4tWhWbdvpYUkw=="
        }
      }
    },
    "@tensorflow/tfjs-core": {
      "version": "0.8.4",
      "resolved": "https://registry.npmjs.org/@tensorflow/tfjs-core/-/tfjs-core-0.8.4.tgz",
      "integrity": "sha512-8sq2B391UtqELupdWpghElWJXYQVV6QIyvLipN8KLuIzbThbn4qXMOeHgGtu2C+cKMdGg21UzNrGSgfTKiPB3g==",
      "requires": {
        "seedrandom": "2.4.3"
      }
    },
    "@tensorflow/tfjs-layers": {
      "version": "0.5.3",
      "resolved": "https://registry.npmjs.org/@tensorflow/tfjs-layers/-/tfjs-layers-0.5.3.tgz",
      "integrity": "sha512-GNGVnbg8FPTwEglZp1VDuxVkAUMmC9oPkuz1kTExdfEJyPywGxyIfCNs6sJn5b1XupGazautbnGWOe13qDDH3Q=="
    },
    "seedrandom": {
      "version": "2.4.3",
      "resolved": "https://registry.npmjs.org/seedrandom/-/seedrandom-2.4.3.tgz",
      "integrity": "sha1-JDhQTa0zkXMUv/GKxNeU8W1qrsw="
    }
  }
}
